# This file is automatically @generated by Poetry 1.4.2 and should not be changed by hand.

[[package]]
name = "atomicwrites"
version = "1.4.1"
description = "Atomic file writes."
category = "dev"
optional = false
python-versions = ">=2.7, !=3.0.*, !=3.1.*, !=3.2.*, !=3.3.*"
files = [
    {file = "atomicwrites-1.4.1.tar.gz", hash = "sha256:81b2c9071a49367a7f770170e5eec8cb66567cfbbc8c73d20ce5ca4a8d71cf11"},
]

[[package]]
name = "attrs"
version = "23.1.0"
description = "Classes Without Boilerplate"
category = "dev"
optional = false
python-versions = ">=3.7"
files = [
    {file = "attrs-23.1.0-py3-none-any.whl", hash = "sha256:1f28b4522cdc2fb4256ac1a020c78acf9cba2c6b461ccd2c126f3aa8e8335d04"},
    {file = "attrs-23.1.0.tar.gz", hash = "sha256:6279836d581513a26f1bf235f9acd333bc9115683f14f7e8fae46c98fc50e015"},
]

[package.dependencies]
importlib-metadata = {version = "*", markers = "python_version < \"3.8\""}

[package.extras]
cov = ["attrs[tests]", "coverage[toml] (>=5.3)"]
dev = ["attrs[docs,tests]", "pre-commit"]
docs = ["furo", "myst-parser", "sphinx", "sphinx-notfound-page", "sphinxcontrib-towncrier", "towncrier", "zope-interface"]
tests = ["attrs[tests-no-zope]", "zope-interface"]
tests-no-zope = ["cloudpickle", "hypothesis", "mypy (>=1.1.1)", "pympler", "pytest (>=4.3.0)", "pytest-mypy-plugins", "pytest-xdist[psutil]"]

[[package]]
name = "colorama"
version = "0.4.6"
description = "Cross-platform colored terminal text."
category = "dev"
optional = false
python-versions = "!=3.0.*,!=3.1.*,!=3.2.*,!=3.3.*,!=3.4.*,!=3.5.*,!=3.6.*,>=2.7"
files = [
    {file = "colorama-0.4.6-py2.py3-none-any.whl", hash = "sha256:4f1d9991f5acc0ca119f9d443620b77f9d6b33703e51011c16baf57afb285fc6"},
    {file = "colorama-0.4.6.tar.gz", hash = "sha256:08695f5cb7ed6e0531a20572697297273c47b8cae5a63ffc6d6ed5c201be6e44"},
]

[[package]]
name = "hiredis"
version = "2.2.3"
description = "Python wrapper for hiredis"
category = "main"
optional = false
python-versions = ">=3.7"
files = [
    {file = "hiredis-2.2.3-cp310-cp310-macosx_10_12_universal2.whl", hash = "sha256:9a1a80a8fa767f2fdc3870316a54b84fe9fc09fa6ab6a2686783de6a228a4604"},
    {file = "hiredis-2.2.3-cp310-cp310-macosx_10_12_x86_64.whl", hash = "sha256:3f006c28c885deb99b670a5a66f367a175ab8955b0374029bad7111f5357dcd4"},
    {file = "hiredis-2.2.3-cp310-cp310-macosx_11_0_arm64.whl", hash = "sha256:ffaf841546905d90ff189de7397aa56413b1ce5e54547f17a98f0ebf3a3b0a3b"},
    {file = "hiredis-2.2.3-cp310-cp310-manylinux_2_17_aarch64.manylinux2014_aarch64.whl", hash = "sha256:1cadb0ac7ba3babfd804e425946bec9717b320564a1390f163a54af9365a720a"},
    {file = "hiredis-2.2.3-cp310-cp310-manylinux_2_17_ppc64le.manylinux2014_ppc64le.whl", hash = "sha256:33bc4721632ef9708fa44e5df0066053fccc8e65410a2c48573192517a533b48"},
    {file = "hiredis-2.2.3-cp310-cp310-manylinux_2_17_s390x.manylinux2014_s390x.whl", hash = "sha256:227c5b4bcb60f89008c275d596e4a7b6625a6b3c827b8a66ae582eace7051f71"},
    {file = "hiredis-2.2.3-cp310-cp310-manylinux_2_17_x86_64.manylinux2014_x86_64.whl", hash = "sha256:61995eb826009d99ed8590747bc0da683a5f4fbb4faa8788166bf3810845cd5c"},
    {file = "hiredis-2.2.3-cp310-cp310-manylinux_2_5_i686.manylinux1_i686.manylinux_2_17_i686.manylinux2014_i686.whl", hash = "sha256:6f969edc851efe23010e0f53a64269f2629a9364135e9ec81c842e8b2277d0c1"},
    {file = "hiredis-2.2.3-cp310-cp310-musllinux_1_1_aarch64.whl", hash = "sha256:d27e560eefb57914d742a837f1da98d3b29cb22eff013c8023b7cf52ae6e051d"},
    {file = "hiredis-2.2.3-cp310-cp310-musllinux_1_1_i686.whl", hash = "sha256:3759f4789ae1913b7df278dfc9e8749205b7a106f888cd2903d19461e24a7697"},
    {file = "hiredis-2.2.3-cp310-cp310-musllinux_1_1_ppc64le.whl", hash = "sha256:c6cb613148422c523945cdb8b6bed617856f2602fd8750e33773ede2616e55d5"},
    {file = "hiredis-2.2.3-cp310-cp310-musllinux_1_1_s390x.whl", hash = "sha256:1d274d5c511dfc03f83f997d3238eaa9b6ee3f982640979f509373cced891e98"},
    {file = "hiredis-2.2.3-cp310-cp310-musllinux_1_1_x86_64.whl", hash = "sha256:3b7fe075e91b9d9cff40eba4fb6a8eff74964d3979a39be9a9ef58b1b4cb3604"},
    {file = "hiredis-2.2.3-cp310-cp310-win32.whl", hash = "sha256:77924b0d32fd1f493d3df15d9609ddf9d94c31a364022a6bf6b525ce9da75bea"},
    {file = "hiredis-2.2.3-cp310-cp310-win_amd64.whl", hash = "sha256:dcb0569dd5bfe6004658cd0f229efa699a3169dcb4f77bd72e188adda302063d"},
    {file = "hiredis-2.2.3-cp311-cp311-macosx_10_12_universal2.whl", hash = "sha256:d115790f18daa99b5c11a506e48923b630ef712e9e4b40482af942c3d40638b8"},
    {file = "hiredis-2.2.3-cp311-cp311-macosx_10_12_x86_64.whl", hash = "sha256:4c3b8be557e08b234774925622e196f0ee36fe4eab66cd19df934d3efd8f3743"},
    {file = "hiredis-2.2.3-cp311-cp311-macosx_11_0_arm64.whl", hash = "sha256:3f5446068197b35a11ccc697720c41879c8657e2e761aaa8311783aac84cef20"},
    {file = "hiredis-2.2.3-cp311-cp311-manylinux_2_17_aarch64.manylinux2014_aarch64.whl", hash = "sha256:aa17a3b22b3726d54d7af20394f65d4a1735a842a4e0f557dc67a90f6965c4bc"},
    {file = "hiredis-2.2.3-cp311-cp311-manylinux_2_17_ppc64le.manylinux2014_ppc64le.whl", hash = "sha256:7df645b6b7800e8b748c217fbd6a4ca8361bcb9a1ae6206cc02377833ec8a1aa"},
    {file = "hiredis-2.2.3-cp311-cp311-manylinux_2_17_s390x.manylinux2014_s390x.whl", hash = "sha256:2fb9300959a0048138791f3d68359d61a788574ec9556bddf1fec07f2dbc5320"},
    {file = "hiredis-2.2.3-cp311-cp311-manylinux_2_17_x86_64.manylinux2014_x86_64.whl", hash = "sha256:2d7e459fe7313925f395148d36d9b7f4f8dac65be06e45d7af356b187cef65fc"},
    {file = "hiredis-2.2.3-cp311-cp311-manylinux_2_5_i686.manylinux1_i686.manylinux_2_17_i686.manylinux2014_i686.whl", hash = "sha256:8eceffca3941775b646cd585cd19b275d382de43cc3327d22f7c75d7b003d481"},
    {file = "hiredis-2.2.3-cp311-cp311-musllinux_1_1_aarch64.whl", hash = "sha256:b17baf702c6e5b4bb66e1281a3efbb1d749c9d06cdb92b665ad81e03118f78fc"},
    {file = "hiredis-2.2.3-cp311-cp311-musllinux_1_1_i686.whl", hash = "sha256:4e43e2b5acaad09cf48c032f7e4926392bb3a3f01854416cf6d82ebff94d5467"},
    {file = "hiredis-2.2.3-cp311-cp311-musllinux_1_1_ppc64le.whl", hash = "sha256:a7205497d7276a81fe92951a29616ef96562ed2f91a02066f72b6f93cb34b40e"},
    {file = "hiredis-2.2.3-cp311-cp311-musllinux_1_1_s390x.whl", hash = "sha256:126623b03c31cb6ac3e0d138feb6fcc36dd43dd34fc7da7b7a0c38b5d75bc896"},
    {file = "hiredis-2.2.3-cp311-cp311-musllinux_1_1_x86_64.whl", hash = "sha256:071c5814b850574036506a8118034f97c3cbf2fe9947ff45a27b07a48da56240"},
    {file = "hiredis-2.2.3-cp311-cp311-win32.whl", hash = "sha256:d1be9e30e675f5bc1cb534633324578f6f0944a1bcffe53242cf632f554f83b6"},
    {file = "hiredis-2.2.3-cp311-cp311-win_amd64.whl", hash = "sha256:b9a7c987e161e3c58f992c63b7e26fea7fe0777f3b975799d23d65bbb8cb5899"},
    {file = "hiredis-2.2.3-cp37-cp37m-macosx_10_12_x86_64.whl", hash = "sha256:f2dcb8389fa3d453927b1299f46bdb38473c293c8269d5c777d33ea0e526b610"},
    {file = "hiredis-2.2.3-cp37-cp37m-manylinux_2_17_aarch64.manylinux2014_aarch64.whl", hash = "sha256:a2df98f5e071320c7d84e8bd07c0542acdd0a7519307fc31774d60e4b842ec4f"},
    {file = "hiredis-2.2.3-cp37-cp37m-manylinux_2_17_ppc64le.manylinux2014_ppc64le.whl", hash = "sha256:61a72e4a523cdfc521762137559c08dfa360a3caef63620be58c699d1717dac1"},
    {file = "hiredis-2.2.3-cp37-cp37m-manylinux_2_17_s390x.manylinux2014_s390x.whl", hash = "sha256:c9b9e5bde7030cae83aa900b5bd660decc65afd2db8c400f3c568c815a47ca2a"},
    {file = "hiredis-2.2.3-cp37-cp37m-manylinux_2_17_x86_64.manylinux2014_x86_64.whl", hash = "sha256:cd2614f17e261f72efc2f19f5e5ff2ee19e2296570c0dcf33409e22be30710de"},
    {file = "hiredis-2.2.3-cp37-cp37m-manylinux_2_5_i686.manylinux1_i686.manylinux_2_17_i686.manylinux2014_i686.whl", hash = "sha256:46525fbd84523cac75af5bf524bc74aaac848beaf31b142d2df8a787d9b4bbc4"},
    {file = "hiredis-2.2.3-cp37-cp37m-musllinux_1_1_aarch64.whl", hash = "sha256:d1a4ce40ba11da9382c14da31f4f9e88c18f7d294f523decd0fadfb81f51ad18"},
    {file = "hiredis-2.2.3-cp37-cp37m-musllinux_1_1_i686.whl", hash = "sha256:5cda592405bbd29d53942e0389dc3fa77b49c362640210d7e94a10c14a677d4d"},
    {file = "hiredis-2.2.3-cp37-cp37m-musllinux_1_1_ppc64le.whl", hash = "sha256:5e6674a017629284ef373b50496d9fb1a89b85a20a7fa100ecd109484ec748e5"},
    {file = "hiredis-2.2.3-cp37-cp37m-musllinux_1_1_s390x.whl", hash = "sha256:e62ec131816c6120eff40dffe43424e140264a15fa4ab88c301bd6a595913af3"},
    {file = "hiredis-2.2.3-cp37-cp37m-musllinux_1_1_x86_64.whl", hash = "sha256:17e938d9d3ee92e1adbff361706f1c36cc60eeb3e3eeca7a3a353eae344f4c91"},
    {file = "hiredis-2.2.3-cp37-cp37m-win32.whl", hash = "sha256:95d2305fd2a7b179cacb48b10f618872fc565c175f9f62b854e8d1acac3e8a9e"},
    {file = "hiredis-2.2.3-cp37-cp37m-win_amd64.whl", hash = "sha256:8f9dbe12f011a9b784f58faecc171d22465bb532c310bd588d769ba79a59ef5a"},
    {file = "hiredis-2.2.3-cp38-cp38-macosx_10_12_universal2.whl", hash = "sha256:5a4bcef114fc071d5f52c386c47f35aae0a5b43673197b9288a15b584da8fa3a"},
    {file = "hiredis-2.2.3-cp38-cp38-macosx_10_12_x86_64.whl", hash = "sha256:232d0a70519865741ba56e1dfefd160a580ae78c30a1517bad47b3cf95a3bc7d"},
    {file = "hiredis-2.2.3-cp38-cp38-macosx_11_0_arm64.whl", hash = "sha256:9076ce8429785c85f824650735791738de7143f61f43ae9ed83e163c0ca0fa44"},
    {file = "hiredis-2.2.3-cp38-cp38-manylinux_2_17_aarch64.manylinux2014_aarch64.whl", hash = "sha256:ec58fb7c2062f835595c12f0f02dcda76d0eb0831423cc191d1e18c9276648de"},
    {file = "hiredis-2.2.3-cp38-cp38-manylinux_2_17_ppc64le.manylinux2014_ppc64le.whl", hash = "sha256:7f2b34a6444b8f9c1e9f84bd2c639388e5d14f128afd14a869dfb3d9af893aa2"},
    {file = "hiredis-2.2.3-cp38-cp38-manylinux_2_17_s390x.manylinux2014_s390x.whl", hash = "sha256:818dfd310aa1020a13cd08ee48e116dd8c3bb2e23b8161f8ac4df587dd5093d7"},
    {file = "hiredis-2.2.3-cp38-cp38-manylinux_2_17_x86_64.manylinux2014_x86_64.whl", hash = "sha256:96d9ea6c8d4cbdeee2e0d43379ce2881e4af0454b00570677c59f33f2531cd38"},
    {file = "hiredis-2.2.3-cp38-cp38-manylinux_2_5_i686.manylinux1_i686.manylinux_2_17_i686.manylinux2014_i686.whl", hash = "sha256:f1eadbcd3de55ac42310ff82550d3302cb4efcd4e17d76646a17b6e7004bb42b"},
    {file = "hiredis-2.2.3-cp38-cp38-musllinux_1_1_aarch64.whl", hash = "sha256:477c34c4489666dc73cb5e89dafe2617c3e13da1298917f73d55aac4696bd793"},
    {file = "hiredis-2.2.3-cp38-cp38-musllinux_1_1_i686.whl", hash = "sha256:14824e457e4f5cda685c3345d125da13949bcf3bb1c88eb5d248c8d2c3dee08f"},
    {file = "hiredis-2.2.3-cp38-cp38-musllinux_1_1_ppc64le.whl", hash = "sha256:9cd32326dfa6ce87edf754153b0105aca64486bebe93b9600ccff74fa0b224df"},
    {file = "hiredis-2.2.3-cp38-cp38-musllinux_1_1_s390x.whl", hash = "sha256:51341e70b467004dcbec3a6ce8c478d2d6241e0f6b01e4c56764afd5022e1e9d"},
    {file = "hiredis-2.2.3-cp38-cp38-musllinux_1_1_x86_64.whl", hash = "sha256:2443659c76b226267e2a04dbbb21bc2a3f91aa53bdc0c22964632753ae43a247"},
    {file = "hiredis-2.2.3-cp38-cp38-win32.whl", hash = "sha256:4e3e3e31423f888d396b1fc1f936936e52af868ac1ec17dd15e3eeba9dd4de24"},
    {file = "hiredis-2.2.3-cp38-cp38-win_amd64.whl", hash = "sha256:20f509e3a1a20d6e5f5794fc37ceb21f70f409101fcfe7a8bde783894d51b369"},
    {file = "hiredis-2.2.3-cp39-cp39-macosx_10_12_universal2.whl", hash = "sha256:d20891e3f33803b26d54c77fd5745878497091e33f4bbbdd454cf6e71aee8890"},
    {file = "hiredis-2.2.3-cp39-cp39-macosx_10_12_x86_64.whl", hash = "sha256:50171f985e17970f87d5a29e16603d1e5b03bdbf5c2691a37e6c912942a6b657"},
    {file = "hiredis-2.2.3-cp39-cp39-macosx_11_0_arm64.whl", hash = "sha256:9944a2cac25ffe049a7e89f306e11b900640837d1ef38d9be0eaa4a4e2b73a52"},
    {file = "hiredis-2.2.3-cp39-cp39-manylinux_2_17_aarch64.manylinux2014_aarch64.whl", hash = "sha256:5a5c8019ff94988d56eb49b15de76fe83f6b42536d76edeb6565dbf7fe14b973"},
    {file = "hiredis-2.2.3-cp39-cp39-manylinux_2_17_ppc64le.manylinux2014_ppc64le.whl", hash = "sha256:a286ded34eb16501002e3713b3130c987366eee2ba0d58c33c72f27778e31676"},
    {file = "hiredis-2.2.3-cp39-cp39-manylinux_2_17_s390x.manylinux2014_s390x.whl", hash = "sha256:4b3e974ad15eb32b1f537730dea70b93a4c3db7b026de3ad2b59da49c6f7454d"},
    {file = "hiredis-2.2.3-cp39-cp39-manylinux_2_17_x86_64.manylinux2014_x86_64.whl", hash = "sha256:08415ea74c1c29b9d6a4ca3dd0e810dc1af343c1d1d442e15ba133b11ab5be6a"},
    {file = "hiredis-2.2.3-cp39-cp39-manylinux_2_5_i686.manylinux1_i686.manylinux_2_17_i686.manylinux2014_i686.whl", hash = "sha256:7e17d04ea58ab8cf3f2dc52e875db16077c6357846006780086fff3189fb199d"},
    {file = "hiredis-2.2.3-cp39-cp39-musllinux_1_1_aarch64.whl", hash = "sha256:6ccdcb635dae85b006592f78e32d97f4bc7541cb27829d505f9c7fefcef48298"},
    {file = "hiredis-2.2.3-cp39-cp39-musllinux_1_1_i686.whl", hash = "sha256:69536b821dd1bc78058a6e7541743f8d82bf2d981b91280b14c4daa6cdc7faba"},
    {file = "hiredis-2.2.3-cp39-cp39-musllinux_1_1_ppc64le.whl", hash = "sha256:3753df5f873d473f055e1f8837bfad0bd3b277c86f3c9bf058c58f14204cd901"},
    {file = "hiredis-2.2.3-cp39-cp39-musllinux_1_1_s390x.whl", hash = "sha256:6f88cafe46612b6fa68e6dea49e25bebf160598bba00101caa51cc8c1f18d597"},
    {file = "hiredis-2.2.3-cp39-cp39-musllinux_1_1_x86_64.whl", hash = "sha256:33ee3ea5cad3a8cb339352cd230b411eb437a2e75d7736c4899acab32056ccdb"},
    {file = "hiredis-2.2.3-cp39-cp39-win32.whl", hash = "sha256:b4f3d06dc16671b88a13ae85d8ca92534c0b637d59e49f0558d040a691246422"},
    {file = "hiredis-2.2.3-cp39-cp39-win_amd64.whl", hash = "sha256:4f674e309cd055ee7a48304ceb8cf43265d859faf4d7d01d270ce45e976ae9d3"},
    {file = "hiredis-2.2.3-pp37-pypy37_pp73-macosx_10_12_x86_64.whl", hash = "sha256:8f280ab4e043b089777b43b4227bdc2035f88da5072ab36588e0ccf77d45d058"},
    {file = "hiredis-2.2.3-pp37-pypy37_pp73-manylinux_2_17_aarch64.manylinux2014_aarch64.whl", hash = "sha256:15c2a551f3b8a26f7940d6ee10b837810201754b8d7e6f6b1391655370882c5a"},
    {file = "hiredis-2.2.3-pp37-pypy37_pp73-manylinux_2_17_x86_64.manylinux2014_x86_64.whl", hash = "sha256:60c4e3c258eafaab21b174b17270a0cc093718d61cdbde8c03f85ec4bf835343"},
    {file = "hiredis-2.2.3-pp37-pypy37_pp73-manylinux_2_5_i686.manylinux1_i686.manylinux_2_17_i686.manylinux2014_i686.whl", hash = "sha256:cc36a9dded458d4e37492fe3e619c6c83caae794d26ad925adbce61d592f8428"},
    {file = "hiredis-2.2.3-pp37-pypy37_pp73-win_amd64.whl", hash = "sha256:4ed68a3b1ccb4313d2a42546fd7e7439ad4745918a48b6c9bcaa61e1e3e42634"},
    {file = "hiredis-2.2.3-pp38-pypy38_pp73-macosx_10_12_x86_64.whl", hash = "sha256:3bf4b5bae472630c229518e4a814b1b68f10a3d9b00aeaec45f1a330f03a0251"},
    {file = "hiredis-2.2.3-pp38-pypy38_pp73-manylinux_2_17_aarch64.manylinux2014_aarch64.whl", hash = "sha256:33a94d264e6e12a79d9bb8af333b01dc286b9f39c99072ab5fef94ce1f018e17"},
    {file = "hiredis-2.2.3-pp38-pypy38_pp73-manylinux_2_17_x86_64.manylinux2014_x86_64.whl", hash = "sha256:3fa6811a618653164f918b891a0fa07052bd71a799defa5c44d167cac5557b26"},
    {file = "hiredis-2.2.3-pp38-pypy38_pp73-manylinux_2_5_i686.manylinux1_i686.manylinux_2_17_i686.manylinux2014_i686.whl", hash = "sha256:af33f370be90b48bbaf0dab32decbdcc522b1fa95d109020a963282086518a8e"},
    {file = "hiredis-2.2.3-pp38-pypy38_pp73-win_amd64.whl", hash = "sha256:b9953d87418ac228f508d93898ab572775e4d3b0eeb886a1a7734553bcdaf291"},
    {file = "hiredis-2.2.3-pp39-pypy39_pp73-macosx_10_12_x86_64.whl", hash = "sha256:5e7bb4dd524f50b71c20ef5a12bd61da9b463f8894b18a06130942fe31509881"},
    {file = "hiredis-2.2.3-pp39-pypy39_pp73-manylinux_2_17_aarch64.manylinux2014_aarch64.whl", hash = "sha256:89a258424158eb8b3ed9f65548d68998da334ef155d09488c5637723eb1cd697"},
    {file = "hiredis-2.2.3-pp39-pypy39_pp73-manylinux_2_17_x86_64.manylinux2014_x86_64.whl", hash = "sha256:9f4a65276f6ecdebe75f2a53f578fbc40e8d2860658420d5e0611c56bbf5054c"},
    {file = "hiredis-2.2.3-pp39-pypy39_pp73-manylinux_2_5_i686.manylinux1_i686.manylinux_2_17_i686.manylinux2014_i686.whl", hash = "sha256:334f2738700b20faa04a0d813366fb16ed17287430a6b50584161d5ad31ca6d7"},
    {file = "hiredis-2.2.3-pp39-pypy39_pp73-win_amd64.whl", hash = "sha256:d194decd9608f11c777946f596f31d5aacad13972a0a87829ae1e6f2d26c1885"},
    {file = "hiredis-2.2.3.tar.gz", hash = "sha256:e75163773a309e56a9b58165cf5a50e0f84b755f6ff863b2c01a38918fe92daa"},
]

[[package]]
name = "importlib-metadata"
version = "6.7.0"
description = "Read metadata from Python packages"
category = "dev"
optional = false
python-versions = ">=3.7"
files = [
    {file = "importlib_metadata-6.7.0-py3-none-any.whl", hash = "sha256:cb52082e659e97afc5dac71e79de97d8681de3aa07ff18578330904a9d18e5b5"},
    {file = "importlib_metadata-6.7.0.tar.gz", hash = "sha256:1aaf550d4f73e5d6783e7acb77aec43d49da8017410afae93822cc9cca98c4d4"},
]

[package.dependencies]
typing-extensions = {version = ">=3.6.4", markers = "python_version < \"3.8\""}
zipp = ">=0.5"

[package.extras]
docs = ["furo", "jaraco.packaging (>=9)", "jaraco.tidelift (>=1.4)", "rst.linker (>=1.9)", "sphinx (>=3.5)", "sphinx-lint"]
perf = ["ipython"]
testing = ["flufl.flake8", "importlib-resources (>=1.3)", "packaging", "pyfakefs", "pytest (>=6)", "pytest-black (>=0.3.7)", "pytest-checkdocs (>=2.4)", "pytest-cov", "pytest-enabler (>=1.3)", "pytest-mypy (>=0.9.1)", "pytest-perf (>=0.9.2)", "pytest-ruff"]

[[package]]
name = "iniconfig"
version = "2.0.0"
description = "brain-dead simple config-ini parsing"
category = "dev"
optional = false
python-versions = ">=3.7"
files = [
    {file = "iniconfig-2.0.0-py3-none-any.whl", hash = "sha256:b6a85871a79d2e3b22d2d1b94ac2824226a63c6b741c88f7ae975f18b6778374"},
    {file = "iniconfig-2.0.0.tar.gz", hash = "sha256:2d91e135bf72d31a410b17c16da610a82cb55f6b0477d1a902134b24a455b8b3"},
]

[[package]]
name = "packaging"
version = "23.1"
description = "Core utilities for Python packages"
category = "dev"
optional = false
python-versions = ">=3.7"
files = [
    {file = "packaging-23.1-py3-none-any.whl", hash = "sha256:994793af429502c4ea2ebf6bf664629d07c1a9fe974af92966e4b8d2df7edc61"},
    {file = "packaging-23.1.tar.gz", hash = "sha256:a392980d2b6cffa644431898be54b0045151319d1e7ec34f0cfed48767dd334f"},
]

[[package]]
name = "pluggy"
version = "1.2.0"
description = "plugin and hook calling mechanisms for python"
category = "dev"
optional = false
python-versions = ">=3.7"
files = [
    {file = "pluggy-1.2.0-py3-none-any.whl", hash = "sha256:c2fd55a7d7a3863cba1a013e4e2414658b1d07b6bc57b3919e0c63c9abb99849"},
    {file = "pluggy-1.2.0.tar.gz", hash = "sha256:d12f0c4b579b15f5e054301bb226ee85eeeba08ffec228092f8defbaa3a4c4b3"},
]

[package.dependencies]
importlib-metadata = {version = ">=0.12", markers = "python_version < \"3.8\""}

[package.extras]
dev = ["pre-commit", "tox"]
testing = ["pytest", "pytest-benchmark"]

[[package]]
name = "py"
version = "1.11.0"
description = "library with cross-python path, ini-parsing, io, code, log facilities"
category = "dev"
optional = false
python-versions = ">=2.7, !=3.0.*, !=3.1.*, !=3.2.*, !=3.3.*, !=3.4.*"
files = [
    {file = "py-1.11.0-py2.py3-none-any.whl", hash = "sha256:607c53218732647dff4acdfcd50cb62615cedf612e72d1724fb1a0cc6405b378"},
    {file = "py-1.11.0.tar.gz", hash = "sha256:51c75c4126074b472f746a24399ad32f6053d1b34b68d2fa41e558e6f4a98719"},
]

[[package]]
name = "pytest"
version = "6.2.5"
description = "pytest: simple powerful testing with Python"
category = "dev"
optional = false
python-versions = ">=3.6"
files = [
    {file = "pytest-6.2.5-py3-none-any.whl", hash = "sha256:7310f8d27bc79ced999e760ca304d69f6ba6c6649c0b60fb0e04a4a77cacc134"},
    {file = "pytest-6.2.5.tar.gz", hash = "sha256:131b36680866a76e6781d13f101efb86cf674ebb9762eb70d3082b6f29889e89"},
]

[package.dependencies]
atomicwrites = {version = ">=1.0", markers = "sys_platform == \"win32\""}
attrs = ">=19.2.0"
colorama = {version = "*", markers = "sys_platform == \"win32\""}
importlib-metadata = {version = ">=0.12", markers = "python_version < \"3.8\""}
iniconfig = "*"
packaging = "*"
pluggy = ">=0.12,<2.0"
py = ">=1.8.2"
toml = "*"

[package.extras]
testing = ["argcomplete", "hypothesis (>=3.56)", "mock", "nose", "requests", "xmlschema"]

[[package]]
name = "toml"
version = "0.10.2"
description = "Python Library for Tom's Obvious, Minimal Language"
category = "dev"
optional = false
python-versions = ">=2.6, !=3.0.*, !=3.1.*, !=3.2.*"
files = [
    {file = "toml-0.10.2-py2.py3-none-any.whl", hash = "sha256:806143ae5bfb6a3c6e736a764057db0e6a0e05e338b5630894a5f779cabb4f9b"},
    {file = "toml-0.10.2.tar.gz", hash = "sha256:b3bda1d108d5dd99f4a20d24d9c348e91c4db7ab1b749200bded2f839ccbe68f"},
]

[[package]]
name = "typing-extensions"
version = "4.7.1"
description = "Backported and Experimental Type Hints for Python 3.7+"
category = "dev"
optional = false
python-versions = ">=3.7"
files = [
    {file = "typing_extensions-4.7.1-py3-none-any.whl", hash = "sha256:440d5dd3af93b060174bf433bccd69b0babc3b15b1a8dca43789fd7f61514b36"},
    {file = "typing_extensions-4.7.1.tar.gz", hash = "sha256:b75ddc264f0ba5615db7ba217daeb99701ad295353c45f9e95963337ceeeffb2"},
]

[[package]]
name = "zipp"
version = "3.15.0"
description = "Backport of pathlib-compatible object wrapper for zip files"
category = "dev"
optional = false
python-versions = ">=3.7"
files = [
    {file = "zipp-3.15.0-py3-none-any.whl", hash = "sha256:48904fc76a60e542af151aded95726c1a5c34ed43ab4134b597665c86d7ad556"},
    {file = "zipp-3.15.0.tar.gz", hash = "sha256:112929ad649da941c23de50f356a2b5570c954b65150642bccdd66bf194d224b"},
]

[package.extras]
docs = ["furo", "jaraco.packaging (>=9)", "jaraco.tidelift (>=1.4)", "rst.linker (>=1.9)", "sphinx (>=3.5)", "sphinx-lint"]
testing = ["big-O", "flake8 (<5)", "jaraco.functools", "jaraco.itertools", "more-itertools", "pytest (>=6)", "pytest-black (>=0.3.7)", "pytest-checkdocs (>=2.4)", "pytest-cov", "pytest-enabler (>=1.3)", "pytest-flake8", "pytest-mypy (>=0.9.1)"]

[metadata]
lock-version = "2.0"
python-versions = "^3.7"
content-hash = "af12790cae042dfde682c30c4b536216201fb20fe2f738b499168f231640e43e"
